[root]
name = "wasm-opt"
version = "0.1.0"
dependencies = [
 "parity-wasm 0.3.1 (git+https://github.com/nikvolf/parity-wasm)",
]

[[package]]
name = "byteorder"
version = "1.0.0"
source = "registry+https://github.com/rust-lang/crates.io-index"

[[package]]
name = "parity-wasm"
version = "0.3.1"
source = "git+https://github.com/nikvolf/parity-wasm#c52ccb7cd3c54cb0dbf9495dec550b5848737dcb"
dependencies = [
 "byteorder 1.0.0 (registry+https://github.com/rust-lang/crates.io-index)",
]

[metadata]
"checksum byteorder 1.0.0 (registry+https://github.com/rust-lang/crates.io-index)" = "c40977b0ee6b9885c9013cd41d9feffdd22deb3bb4dc3a71d901cc7a77de18c8"
"checksum parity-wasm 0.3.1 (git+https://github.com/nikvolf/parity-wasm)" = "<none>"
